
Microsoft Visual Studio Solution File, Format Version 12.00
# Visual Studio Version 17
VisualStudioVersion = 17.9.34701.34
MinimumVisualStudioVersion = 10.0.40219.1
Project("{FAE04EC0-301F-11D3-BF4B-00C04F79EFBC}") = "Rest Api(crud)", "Rest Api(crud)\Rest Api(crud).csproj", "{CB0BD005-F2D9-4949-AAA0-9163CDE12796}"
EndProject
Global
	GlobalSection(SolutionConfigurationPlatforms) = preSolution
		Debug|Any CPU = Debug|Any CPU
		Release|Any CPU = Release|Any CPU
	EndGlobalSection
	GlobalSection(ProjectConfigurationPlatforms) = postSolution
		{CB0BD005-F2D9-4949-AAA0-9163CDE12796}.Debug|Any CPU.ActiveCfg = Debug|Any CPU
		{CB0BD005-F2D9-4949-AAA0-9163CDE12796}.Debug|Any CPU.Build.0 = Debug|Any CPU
		{CB0BD005-F2D9-4949-AAA0-9163CDE12796}.Release|Any CPU.ActiveCfg = Release|Any CPU
		{CB0BD005-F2D9-4949-AAA0-9163CDE12796}.Release|Any CPU.Build.0 = Release|Any CPU
	EndGlobalSection
	GlobalSection(SolutionProperties) = preSolution
		HideSolutionNode = FALSE
	EndGlobalSection
	GlobalSection(ExtensibilityGlobals) = postSolution
		SolutionGuid = {9B1CCFE3-686B-4F9B-A0C2-F91C5156E0F0}
	EndGlobalSection
EndGlobal
